
Microsoft Visual Studio Solution File, Format Version 11.00
# Visual Studio 2010
Project("{FAE04EC0-301F-11D3-BF4B-00C04F79EFBC}") = "KartGame", "KartGame.csproj", "{b70349ce-6b1a-453d-dab0-95a86cc5af12}"
EndProject
Project("{FAE04EC0-301F-11D3-BF4B-00C04F79EFBC}") = "Assembly-CSharp", "Assembly-CSharp.csproj", "{13dc8687-5366-ecbc-4612-3afe61583a66}"
EndProject
Project("{FAE04EC0-301F-11D3-BF4B-00C04F79EFBC}") = "MLAgentsToolKit", "MLAgentsToolKit.csproj", "{48c6a6e6-4033-e550-ab2e-a00e624a5135}"
EndProject
Project("{FAE04EC0-301F-11D3-BF4B-00C04F79EFBC}") = "KartGame.AI", "KartGame.AI.csproj", "{82d088b1-0b2e-f3bd-f422-12e7bc8dd520}"
EndProject
Project("{FAE04EC0-301F-11D3-BF4B-00C04F79EFBC}") = "MLAgentsToolKit.Editor", "MLAgentsToolKit.Editor.csproj", "{53af04bc-c9f6-1782-b24c-da80936bea8f}"
EndProject
Project("{FAE04EC0-301F-11D3-BF4B-00C04F79EFBC}") = "KartGame.Editor", "KartGame.Editor.csproj", "{6e44e450-0694-fa25-c21d-f5e99867dc68}"
EndProject
Project("{FAE04EC0-301F-11D3-BF4B-00C04F79EFBC}") = "KartGame.AI.Editor", "KartGame.AI.Editor.csproj", "{a664a01e-591e-ee63-e5e1-2df8048b4096}"
EndProject
Global
	GlobalSection(SolutionConfigurationPlatforms) = preSolution
		Debug|Any CPU = Debug|Any CPU
	EndGlobalSection
	GlobalSection(ProjectConfigurationPlatforms) = postSolution
		{b70349ce-6b1a-453d-dab0-95a86cc5af12}.Debug|Any CPU.ActiveCfg = Debug|Any CPU
		{b70349ce-6b1a-453d-dab0-95a86cc5af12}.Debug|Any CPU.Build.0 = Debug|Any CPU
		{13dc8687-5366-ecbc-4612-3afe61583a66}.Debug|Any CPU.ActiveCfg = Debug|Any CPU
		{13dc8687-5366-ecbc-4612-3afe61583a66}.Debug|Any CPU.Build.0 = Debug|Any CPU
		{48c6a6e6-4033-e550-ab2e-a00e624a5135}.Debug|Any CPU.ActiveCfg = Debug|Any CPU
		{48c6a6e6-4033-e550-ab2e-a00e624a5135}.Debug|Any CPU.Build.0 = Debug|Any CPU
		{82d088b1-0b2e-f3bd-f422-12e7bc8dd520}.Debug|Any CPU.ActiveCfg = Debug|Any CPU
		{82d088b1-0b2e-f3bd-f422-12e7bc8dd520}.Debug|Any CPU.Build.0 = Debug|Any CPU
		{53af04bc-c9f6-1782-b24c-da80936bea8f}.Debug|Any CPU.ActiveCfg = Debug|Any CPU
		{53af04bc-c9f6-1782-b24c-da80936bea8f}.Debug|Any CPU.Build.0 = Debug|Any CPU
		{6e44e450-0694-fa25-c21d-f5e99867dc68}.Debug|Any CPU.ActiveCfg = Debug|Any CPU
		{6e44e450-0694-fa25-c21d-f5e99867dc68}.Debug|Any CPU.Build.0 = Debug|Any CPU
		{a664a01e-591e-ee63-e5e1-2df8048b4096}.Debug|Any CPU.ActiveCfg = Debug|Any CPU
		{a664a01e-591e-ee63-e5e1-2df8048b4096}.Debug|Any CPU.Build.0 = Debug|Any CPU
	EndGlobalSection
	GlobalSection(SolutionProperties) = preSolution
		HideSolutionNode = FALSE
	EndGlobalSection
EndGlobal
